{
  "name": "ban",
  "version": "1.0.0",
  "lockfileVersion": 2,
  "requires": true,
  "packages": {
    "": {
      "name": "ban",
      "version": "1.0.0",
      "devDependencies": {
        "@hono/node-server": "^1.13.8",
        "hono": "^4.7.4",
        "ws": "^8.18.1"
      }
    },
    "node_modules/@hono/node-server": {
      "version": "1.14.3",
      "resolved": "https://registry.npmjs.org/@hono/node-server/-/node-server-1.14.3.tgz",
      "integrity": "sha512-KuDMwwghtFYSmIpr4WrKs1VpelTrptvJ+6x6mbUcZnFcc213cumTF5BdqfHyW93B19TNI4Vaev14vOI2a0Ie3w==",
      "dev": true,
      "engines": {
        "node": ">=18.14.1"
      },
      "peerDependencies": {
        "hono": "^4"
      }
    },
    "node_modules/hono": {
      "version": "4.7.10",
      "resolved": "https://registry.npmjs.org/hono/-/hono-4.7.10.tgz",
      "integrity": "sha512-QkACju9MiN59CKSY5JsGZCYmPZkA6sIW6OFCUp7qDjZu6S6KHtJHhAc9Uy9mV9F8PJ1/HQ3ybZF2yjCa/73fvQ==",
      "dev": true,
      "engines": {
        "node": ">=16.9.0"
      }
    },
    "node_modules/ws": {
      "version": "8.18.2",
      "resolved": "https://registry.npmjs.org/ws/-/ws-8.18.2.tgz",
      "integrity": "sha512-DMricUmwGZUVr++AEAe2uiVM7UoO9MAVZMDu05UQOaUII0lp+zOzLLU4Xqh/JvTqklB1T4uELaaPBKyjE1r4fQ==",
      "dev": true,
      "engines": {
        "node": ">=10.0.0"
      },
      "peerDependencies": {
        "bufferutil": "^4.0.1",
        "utf-8-validate": ">=5.0.2"
      },
      "peerDependenciesMeta": {
        "bufferutil": {
          "optional": true
        },
        "utf-8-validate": {
          "optional": true
        }
      }
    }
  },
  "dependencies": {
    "@hono/node-server": {
      "version": "1.14.3",
      "resolved": "https://registry.npmjs.org/@hono/node-server/-/node-server-1.14.3.tgz",
      "integrity": "sha512-KuDMwwghtFYSmIpr4WrKs1VpelTrptvJ+6x6mbUcZnFcc213cumTF5BdqfHyW93B19TNI4Vaev14vOI2a0Ie3w==",
      "dev": true,
      "requires": {}
    },
    "hono": {
      "version": "4.7.10",
      "resolved": "https://registry.npmjs.org/hono/-/hono-4.7.10.tgz",
      "integrity": "sha512-QkACju9MiN59CKSY5JsGZCYmPZkA6sIW6OFCUp7qDjZu6S6KHtJHhAc9Uy9mV9F8PJ1/HQ3ybZF2yjCa/73fvQ==",
      "dev": true
    },
    "ws": {
      "version": "8.18.2",
      "resolved": "https://registry.npmjs.org/ws/-/ws-8.18.2.tgz",
      "integrity": "sha512-DMricUmwGZUVr++AEAe2uiVM7UoO9MAVZMDu05UQOaUII0lp+zOzLLU4Xqh/JvTqklB1T4uELaaPBKyjE1r4fQ==",
      "dev": true,
      "requires": {}
    }
  }
}
